{
  "version": 4,
  "terraform_version": "1.9.8",
  "serial": 3,
  "lineage": "397ce891-ca7b-8809-de92-d56598c8fe1d",
  "outputs": {},
  "resources": [
    {
      "mode": "managed",
      "type": "helm_release",
      "name": "airflow",
      "provider": "provider[\"registry.terraform.io/hashicorp/helm\"]",
      "instances": [
        {
          "schema_version": 1,
          "attributes": {
            "atomic": false,
            "chart": "airflow",
            "cleanup_on_fail": false,
            "create_namespace": false,
            "dependency_update": false,
            "description": null,
            "devel": null,
            "disable_crd_hooks": false,
            "disable_openapi_validation": false,
            "disable_webhooks": false,
            "force_update": false,
            "id": "airflow",
            "keyring": null,
            "lint": false,
            "manifest": null,
            "max_history": 0,
            "metadata": [
              {
                "app_version": "2.9.3",
                "chart": "airflow",
                "first_deployed": 1729225938,
                "last_deployed": 1729225938,
                "name": "airflow",
                "namespace": "airflow",
                "notes": "\n\n\nThank you for installing Apache Airflow 2.9.3!\n\nYour release is named airflow.\nYou can now access your dashboard(s) by executing the following command(s) and visiting the corresponding port at localhost in your browser:\n\nAirflow Webserver:     kubectl port-forward svc/airflow-webserver 8080:8080 --namespace airflow\nDefault Webserver (Airflow UI) Login credentials:\n    username: admin\n    password: admin\nDefault Postgres connection credentials:\n    username: postgres\n    password: postgres\n    port: 5432\n\nYou can get Fernet Key value by running the following:\n\n    echo Fernet Key: $(kubectl get secret --namespace airflow airflow-fernet-key -o jsonpath=\"{.data.fernet-key}\" | base64 --decode)\n\n###########################################################\n#  WARNING: You should set a static webserver secret key  #\n###########################################################\n\nYou are using a dynamically generated webserver secret key, which can lead to\nunnecessary restarts of your Airflow components.\n\nInformation on how to set a static webserver secret key can be found here:\nhttps://airflow.apache.org/docs/helm-chart/stable/production-guide.html#webserver-secret-key\n\nCHART NAME: postgresql\nCHART VERSION: 13.2.24\nAPP VERSION: 16.1.0\n\n** Please be patient while the chart is being deployed **\n\nPostgreSQL can be accessed via port 5432 on the following DNS names from within your cluster:\n\n    airflow-postgresql.airflow.svc.cluster.local - Read/Write connection\n\nTo get the password for \"postgres\" run:\n\n    export POSTGRES_PASSWORD=$(kubectl get secret --namespace airflow airflow-postgresql -o jsonpath=\"{.data.postgres-password}\" | base64 -d)\n\nTo connect to your database run the following command:\n\n    kubectl run airflow-postgresql-client --rm --tty -i --restart='Never' --namespace airflow --image docker.io/bitnami/postgresql:16.1.0-debian-11-r15 --env=\"PGPASSWORD=$POSTGRES_PASSWORD\" \\\n      --command -- psql --host airflow-postgresql -U postgres -d postgres -p 5432\n\n    \u003e NOTE: If you access the container using bash, make sure that you execute \"/opt/bitnami/scripts/postgresql/entrypoint.sh /bin/bash\" in order to avoid the error \"psql: local user with ID 1001} does not exist\"\n\nTo connect to your database from outside the cluster execute the following commands:\n\n    kubectl port-forward --namespace airflow svc/airflow-postgresql 5432:5432 \u0026\n    PGPASSWORD=\"$POSTGRES_PASSWORD\" psql --host 127.0.0.1 -U postgres -d postgres -p 5432\n\nWARNING: The configured password will be ignored on new installation in case when previous PostgreSQL release was deleted through the helm command. In that case, old PVC will have an old password, and setting it through helm won't take effect. Deleting persistent volumes (PVs) will solve the issue.\n",
                "revision": 1,
                "values": "{}",
                "version": "1.15.0"
              }
            ],
            "name": "airflow",
            "namespace": "airflow",
            "pass_credentials": false,
            "postrender": [],
            "recreate_pods": false,
            "render_subchart_notes": true,
            "replace": false,
            "repository": "https://airflow.apache.org",
            "repository_ca_file": null,
            "repository_cert_file": null,
            "repository_key_file": null,
            "repository_password": null,
            "repository_username": null,
            "reset_values": false,
            "reuse_values": false,
            "set": [],
            "set_list": [],
            "set_sensitive": [],
            "skip_crds": false,
            "status": "deployed",
            "timeout": 300,
            "upgrade_install": null,
            "values": null,
            "verify": false,
            "version": "1.15.0",
            "wait": false,
            "wait_for_jobs": false
          },
          "sensitive_attributes": [
            [
              {
                "type": "get_attr",
                "value": "repository_password"
              }
            ]
          ],
          "private": "eyJzY2hlbWFfdmVyc2lvbiI6IjEifQ==",
          "dependencies": [
            "kubectl_manifest.airflow_namespace"
          ]
        }
      ]
    },
    {
      "mode": "managed",
      "type": "kubectl_manifest",
      "name": "airflow_namespace",
      "provider": "provider[\"registry.terraform.io/gavinbunney/kubectl\"]",
      "instances": [
        {
          "schema_version": 1,
          "attributes": {
            "api_version": "v1",
            "apply_only": false,
            "force_conflicts": false,
            "force_new": false,
            "id": "/api/v1/namespaces/airflow",
            "ignore_fields": null,
            "kind": "Namespace",
            "live_manifest_incluster": "3873eb09f6ead575ac4b7c686e819f1161a90b6fc06216ff32e6f35179525fbe",
            "live_uid": "62eeb5e7-a466-4d2e-9db6-b295fc06faf0",
            "name": "airflow",
            "namespace": null,
            "override_namespace": null,
            "sensitive_fields": null,
            "server_side_apply": false,
            "timeouts": null,
            "uid": "62eeb5e7-a466-4d2e-9db6-b295fc06faf0",
            "validate_schema": true,
            "wait": null,
            "wait_for_rollout": true,
            "yaml_body": "apiVersion: v1\nkind: Namespace\nmetadata:\n  name: airflow",
            "yaml_body_parsed": "apiVersion: v1\nkind: Namespace\nmetadata:\n  name: airflow\n",
            "yaml_incluster": "3873eb09f6ead575ac4b7c686e819f1161a90b6fc06216ff32e6f35179525fbe"
          },
          "sensitive_attributes": [
            [
              {
                "type": "get_attr",
                "value": "live_manifest_incluster"
              }
            ],
            [
              {
                "type": "get_attr",
                "value": "yaml_body"
              }
            ],
            [
              {
                "type": "get_attr",
                "value": "yaml_incluster"
              }
            ]
          ],
          "private": "eyJlMmJmYjczMC1lY2FhLTExZTYtOGY4OC0zNDM2M2JjN2M0YzAiOnsiY3JlYXRlIjo2MDAwMDAwMDAwMDB9LCJzY2hlbWFfdmVyc2lvbiI6IjEifQ=="
        }
      ]
    }
  ],
  "check_results": null
}
