{
  "version": 4,
  "terraform_version": "1.9.8",
  "serial": 1,
  "lineage": "397ce891-ca7b-8809-de92-d56598c8fe1d",
  "outputs": {},
  "resources": [
    {
      "mode": "managed",
      "type": "kubectl_manifest",
      "name": "airflow_namespace",
      "provider": "provider[\"registry.terraform.io/gavinbunney/kubectl\"]",
      "instances": [
        {
          "schema_version": 1,
          "attributes": {
            "api_version": "v1",
            "apply_only": false,
            "force_conflicts": false,
            "force_new": false,
            "id": "/api/v1/namespaces/airflow",
            "ignore_fields": null,
            "kind": "Namespace",
            "live_manifest_incluster": "3873eb09f6ead575ac4b7c686e819f1161a90b6fc06216ff32e6f35179525fbe",
            "live_uid": "62eeb5e7-a466-4d2e-9db6-b295fc06faf0",
            "name": "airflow",
            "namespace": null,
            "override_namespace": null,
            "sensitive_fields": null,
            "server_side_apply": false,
            "timeouts": null,
            "uid": "62eeb5e7-a466-4d2e-9db6-b295fc06faf0",
            "validate_schema": true,
            "wait": null,
            "wait_for_rollout": true,
            "yaml_body": "apiVersion: v1\nkind: Namespace\nmetadata:\n  name: airflow",
            "yaml_body_parsed": "apiVersion: v1\nkind: Namespace\nmetadata:\n  name: airflow\n",
            "yaml_incluster": "3873eb09f6ead575ac4b7c686e819f1161a90b6fc06216ff32e6f35179525fbe"
          },
          "sensitive_attributes": [
            [
              {
                "type": "get_attr",
                "value": "yaml_incluster"
              }
            ],
            [
              {
                "type": "get_attr",
                "value": "live_manifest_incluster"
              }
            ],
            [
              {
                "type": "get_attr",
                "value": "yaml_body"
              }
            ]
          ],
          "private": "eyJlMmJmYjczMC1lY2FhLTExZTYtOGY4OC0zNDM2M2JjN2M0YzAiOnsiY3JlYXRlIjo2MDAwMDAwMDAwMDB9LCJzY2hlbWFfdmVyc2lvbiI6IjEifQ=="
        }
      ]
    }
  ],
  "check_results": null
}
